
Microsoft Visual Studio Solution File, Format Version 12.00
# Visual Studio Version 16
VisualStudioVersion = 16.0.28729.10
MinimumVisualStudioVersion = 10.0.40219.1
Project("{FAE04EC0-301F-11D3-BF4B-00C04F79EFBC}") = "ByteBank.Forum", "ByteBank.Forum\ByteBank.Forum.csproj", "{F675E0AB-3F51-4539-8D36-80F4EDFAA243}"
EndProject
Global
	GlobalSection(SolutionConfigurationPlatforms) = preSolution
		Debug|Any CPU = Debug|Any CPU
		Release|Any CPU = Release|Any CPU
	EndGlobalSection
	GlobalSection(ProjectConfigurationPlatforms) = postSolution
		{F675E0AB-3F51-4539-8D36-80F4EDFAA243}.Debug|Any CPU.ActiveCfg = Debug|Any CPU
		{F675E0AB-3F51-4539-8D36-80F4EDFAA243}.Debug|Any CPU.Build.0 = Debug|Any CPU
		{F675E0AB-3F51-4539-8D36-80F4EDFAA243}.Release|Any CPU.ActiveCfg = Release|Any CPU
		{F675E0AB-3F51-4539-8D36-80F4EDFAA243}.Release|Any CPU.Build.0 = Release|Any CPU
	EndGlobalSection
	GlobalSection(SolutionProperties) = preSolution
		HideSolutionNode = FALSE
	EndGlobalSection
	GlobalSection(ExtensibilityGlobals) = postSolution
		SolutionGuid = {AC71BB76-8324-48B7-8F4E-4EC42AEF2CB7}
	EndGlobalSection
EndGlobal
